// !$*UTF8*$!
{
	archiveVersion = 1;
	classes = {
	};
	objectVersion = 46;
	objects = {

/* Begin PBXBuildFile section */
		DC5970BB1BF7E79800D04CC4 /* MailboxViewController.swift in Sources */ = {isa = PBXBuildFile; fileRef = DC5970BA1BF7E79800D04CC4 /* MailboxViewController.swift */; };
		DC93BD5A1BF7CDC0001AC702 /* AppDelegate.swift in Sources */ = {isa = PBXBuildFile; fileRef = DC93BD591BF7CDC0001AC702 /* AppDelegate.swift */; };
		DC93BD5C1BF7CDC0001AC702 /* ViewController.swift in Sources */ = {isa = PBXBuildFile; fileRef = DC93BD5B1BF7CDC0001AC702 /* ViewController.swift */; };
		DC93BD5F1BF7CDC0001AC702 /* Main.storyboard in Resources */ = {isa = PBXBuildFile; fileRef = DC93BD5D1BF7CDC0001AC702 /* Main.storyboard */; };
		DC93BD611BF7CDC0001AC702 /* Assets.xcassets in Resources */ = {isa = PBXBuildFile; fileRef = DC93BD601BF7CDC0001AC702 /* Assets.xcassets */; };
		DC93BD641BF7CDC0001AC702 /* LaunchScreen.storyboard in Resources */ = {isa = PBXBuildFile; fileRef = DC93BD621BF7CDC0001AC702 /* LaunchScreen.storyboard */; };
		DC93BD6F1BF7CDC0001AC702 /* cp_3_mailboxTests.swift in Sources */ = {isa = PBXBuildFile; fileRef = DC93BD6E1BF7CDC0001AC702 /* cp_3_mailboxTests.swift */; };
		DC93BD7A1BF7CDC0001AC702 /* cp_3_mailboxUITests.swift in Sources */ = {isa = PBXBuildFile; fileRef = DC93BD791BF7CDC0001AC702 /* cp_3_mailboxUITests.swift */; };
/* End PBXBuildFile section */

/* Begin PBXContainerItemProxy section */
		DC93BD6B1BF7CDC0001AC702 /* PBXContainerItemProxy */ = {
			isa = PBXContainerItemProxy;
			containerPortal = DC93BD4E1BF7CDC0001AC702 /* Project object */;
			proxyType = 1;
			remoteGlobalIDString = DC93BD551BF7CDC0001AC702;
			remoteInfo = cp_3_mailbox;
		};
		DC93BD761BF7CDC0001AC702 /* PBXContainerItemProxy */ = {
			isa = PBXContainerItemProxy;
			containerPortal = DC93BD4E1BF7CDC0001AC702 /* Project object */;
			proxyType = 1;
			remoteGlobalIDString = DC93BD551BF7CDC0001AC702;
			remoteInfo = cp_3_mailbox;
		};
/* End PBXContainerItemProxy section */

/* Begin PBXFileReference section */
		DC5970BA1BF7E79800D04CC4 /* MailboxViewController.swift */ = {isa = PBXFileReference; fileEncoding = 4; lastKnownFileType = sourcecode.swift; path = MailboxViewController.swift; sourceTree = "<group>"; };
		DC93BD561BF7CDC0001AC702 /* cp_3_mailbox.app */ = {isa = PBXFileReference; explicitFileType = wrapper.application; includeInIndex = 0; path = cp_3_mailbox.app; sourceTree = BUILT_PRODUCTS_DIR; };
		DC93BD591BF7CDC0001AC702 /* AppDelegate.swift */ = {isa = PBXFileReference; lastKnownFileType = sourcecode.swift; path = AppDelegate.swift; sourceTree = "<group>"; };
		DC93BD5B1BF7CDC0001AC702 /* ViewController.swift */ = {isa = PBXFileReference; lastKnownFileType = sourcecode.swift; path = ViewController.swift; sourceTree = "<group>"; };
		DC93BD5E1BF7CDC0001AC702 /* Base */ = {isa = PBXFileReference; lastKnownFileType = file.storyboard; name = Base; path = Base.lproj/Main.storyboard; sourceTree = "<group>"; };
		DC93BD601BF7CDC0001AC702 /* Assets.xcassets */ = {isa = PBXFileReference; lastKnownFileType = folder.assetcatalog; path = Assets.xcassets; sourceTree = "<group>"; };
		DC93BD631BF7CDC0001AC702 /* Base */ = {isa = PBXFileReference; lastKnownFileType = file.storyboard; name = Base; path = Base.lproj/LaunchScreen.storyboard; sourceTree = "<group>"; };
		DC93BD651BF7CDC0001AC702 /* Info.plist */ = {isa = PBXFileReference; lastKnownFileType = text.plist.xml; path = Info.plist; sourceTree = "<group>"; };
		DC93BD6A1BF7CDC0001AC702 /* cp_3_mailboxTests.xctest */ = {isa = PBXFileReference; explicitFileType = wrapper.cfbundle; includeInIndex = 0; path = cp_3_mailboxTests.xctest; sourceTree = BUILT_PRODUCTS_DIR; };
		DC93BD6E1BF7CDC0001AC702 /* cp_3_mailboxTests.swift */ = {isa = PBXFileReference; lastKnownFileType = sourcecode.swift; path = cp_3_mailboxTests.swift; sourceTree = "<group>"; };
		DC93BD701BF7CDC0001AC702 /* Info.plist */ = {isa = PBXFileReference; lastKnownFileType = text.plist.xml; path = Info.plist; sourceTree = "<group>"; };
		DC93BD751BF7CDC0001AC702 /* cp_3_mailboxUITests.xctest */ = {isa = PBXFileReference; explicitFileType = wrapper.cfbundle; includeInIndex = 0; path = cp_3_mailboxUITests.xctest; sourceTree = BUILT_PRODUCTS_DIR; };
		DC93BD791BF7CDC0001AC702 /* cp_3_mailboxUITests.swift */ = {isa = PBXFileReference; lastKnownFileType = sourcecode.swift; path = cp_3_mailboxUITests.swift; sourceTree = "<group>"; };
		DC93BD7B1BF7CDC0001AC702 /* Info.plist */ = {isa = PBXFileReference; lastKnownFileType = text.plist.xml; path = Info.plist; sourceTree = "<group>"; };
/* End PBXFileReference section */

/* Begin PBXFrameworksBuildPhase section */
		DC93BD531BF7CDC0001AC702 /* Frameworks */ = {
			isa = PBXFrameworksBuildPhase;
			buildActionMask = 2147483647;
			files = (
			);
			runOnlyForDeploymentPostprocessing = 0;
		};
		DC93BD671BF7CDC0001AC702 /* Frameworks */ = {
			isa = PBXFrameworksBuildPhase;
			buildActionMask = 2147483647;
			files = (
			);
			runOnlyForDeploymentPostprocessing = 0;
		};
		DC93BD721BF7CDC0001AC702 /* Frameworks */ = {
			isa = PBXFrameworksBuildPhase;
			buildActionMask = 2147483647;
			files = (
			);
			runOnlyForDeploymentPostprocessing = 0;
		};
/* End PBXFrameworksBuildPhase section */

/* Begin PBXGroup section */
		DC93BD4D1BF7CDC0001AC702 = {
			isa = PBXGroup;
			children = (
				DC93BD581BF7CDC0001AC702 /* cp_3_mailbox */,
				DC93BD6D1BF7CDC0001AC702 /* cp_3_mailboxTests */,
				DC93BD781BF7CDC0001AC702 /* cp_3_mailboxUITests */,
				DC93BD571BF7CDC0001AC702 /* Products */,
			);
			sourceTree = "<group>";
		};
		DC93BD571BF7CDC0001AC702 /* Products */ = {
			isa = PBXGroup;
			children = (
				DC93BD561BF7CDC0001AC702 /* cp_3_mailbox.app */,
				DC93BD6A1BF7CDC0001AC702 /* cp_3_mailboxTests.xctest */,
				DC93BD751BF7CDC0001AC702 /* cp_3_mailboxUITests.xctest */,
			);
			name = Products;
			sourceTree = "<group>";
		};
		DC93BD581BF7CDC0001AC702 /* cp_3_mailbox */ = {
			isa = PBXGroup;
			children = (
				DC93BD591BF7CDC0001AC702 /* AppDelegate.swift */,
				DC93BD5B1BF7CDC0001AC702 /* ViewController.swift */,
				DC93BD5D1BF7CDC0001AC702 /* Main.storyboard */,
				DC5970BA1BF7E79800D04CC4 /* MailboxViewController.swift */,
				DC93BD601BF7CDC0001AC702 /* Assets.xcassets */,
				DC93BD621BF7CDC0001AC702 /* LaunchScreen.storyboard */,
				DC93BD651BF7CDC0001AC702 /* Info.plist */,
			);
			path = cp_3_mailbox;
			sourceTree = "<group>";
		};
		DC93BD6D1BF7CDC0001AC702 /* cp_3_mailboxTests */ = {
			isa = PBXGroup;
			children = (
				DC93BD6E1BF7CDC0001AC702 /* cp_3_mailboxTests.swift */,
				DC93BD701BF7CDC0001AC702 /* Info.plist */,
			);
			path = cp_3_mailboxTests;
			sourceTree = "<group>";
		};
		DC93BD781BF7CDC0001AC702 /* cp_3_mailboxUITests */ = {
			isa = PBXGroup;
			children = (
				DC93BD791BF7CDC0001AC702 /* cp_3_mailboxUITests.swift */,
				DC93BD7B1BF7CDC0001AC702 /* Info.plist */,
			);
			path = cp_3_mailboxUITests;
			sourceTree = "<group>";
		};
/* End PBXGroup section */

/* Begin PBXNativeTarget section */
		DC93BD551BF7CDC0001AC702 /* cp_3_mailbox */ = {
			isa = PBXNativeTarget;
			buildConfigurationList = DC93BD7E1BF7CDC0001AC702 /* Build configuration list for PBXNativeTarget "cp_3_mailbox" */;
			buildPhases = (
				DC93BD521BF7CDC0001AC702 /* Sources */,
				DC93BD531BF7CDC0001AC702 /* Frameworks */,
				DC93BD541BF7CDC0001AC702 /* Resources */,
			);
			buildRules = (
			);
			dependencies = (
			);
			name = cp_3_mailbox;
			productName = cp_3_mailbox;
			productReference = DC93BD561BF7CDC0001AC702 /* cp_3_mailbox.app */;
			productType = "com.apple.product-type.application";
		};
		DC93BD691BF7CDC0001AC702 /* cp_3_mailboxTests */ = {
			isa = PBXNativeTarget;
			buildConfigurationList = DC93BD811BF7CDC0001AC702 /* Build configuration list for PBXNativeTarget "cp_3_mailboxTests" */;
			buildPhases = (
				DC93BD661BF7CDC0001AC702 /* Sources */,
				DC93BD671BF7CDC0001AC702 /* Frameworks */,
				DC93BD681BF7CDC0001AC702 /* Resources */,
			);
			buildRules = (
			);
			dependencies = (
				DC93BD6C1BF7CDC0001AC702 /* PBXTargetDependency */,
			);
			name = cp_3_mailboxTests;
			productName = cp_3_mailboxTests;
			productReference = DC93BD6A1BF7CDC0001AC702 /* cp_3_mailboxTests.xctest */;
			productType = "com.apple.product-type.bundle.unit-test";
		};
		DC93BD741BF7CDC0001AC702 /* cp_3_mailboxUITests */ = {
			isa = PBXNativeTarget;
			buildConfigurationList = DC93BD841BF7CDC0001AC702 /* Build configuration list for PBXNativeTarget "cp_3_mailboxUITests" */;
			buildPhases = (
				DC93BD711BF7CDC0001AC702 /* Sources */,
				DC93BD721BF7CDC0001AC702 /* Frameworks */,
				DC93BD731BF7CDC0001AC702 /* Resources */,
			);
			buildRules = (
			);
			dependencies = (
				DC93BD771BF7CDC0001AC702 /* PBXTargetDependency */,
			);
			name = cp_3_mailboxUITests;
			productName = cp_3_mailboxUITests;
			productReference = DC93BD751BF7CDC0001AC702 /* cp_3_mailboxUITests.xctest */;
			productType = "com.apple.product-type.bundle.ui-testing";
		};
/* End PBXNativeTarget section */

/* Begin PBXProject section */
		DC93BD4E1BF7CDC0001AC702 /* Project object */ = {
			isa = PBXProject;
			attributes = {
				LastSwiftUpdateCheck = 0710;
				LastUpgradeCheck = 0710;
				ORGANIZATIONNAME = sansserif;
				TargetAttributes = {
					DC93BD551BF7CDC0001AC702 = {
						CreatedOnToolsVersion = 7.1;
						DevelopmentTeam = 7CUB7B84B4;
					};
					DC93BD691BF7CDC0001AC702 = {
						CreatedOnToolsVersion = 7.1;
						DevelopmentTeam = 7CUB7B84B4;
						TestTargetID = DC93BD551BF7CDC0001AC702;
					};
					DC93BD741BF7CDC0001AC702 = {
						CreatedOnToolsVersion = 7.1;
						DevelopmentTeam = 7CUB7B84B4;
						TestTargetID = DC93BD551BF7CDC0001AC702;
					};
				};
			};
			buildConfigurationList = DC93BD511BF7CDC0001AC702 /* Build configuration list for PBXProject "cp_3_mailbox" */;
			compatibilityVersion = "Xcode 3.2";
			developmentRegion = English;
			hasScannedForEncodings = 0;
			knownRegions = (
				en,
				Base,
			);
			mainGroup = DC93BD4D1BF7CDC0001AC702;
			productRefGroup = DC93BD571BF7CDC0001AC702 /* Products */;
			projectDirPath = "";
			projectRoot = "";
			targets = (
				DC93BD551BF7CDC0001AC702 /* cp_3_mailbox */,
				DC93BD691BF7CDC0001AC702 /* cp_3_mailboxTests */,
				DC93BD741BF7CDC0001AC702 /* cp_3_mailboxUITests */,
			);
		};
/* End PBXProject section */

/* Begin PBXResourcesBuildPhase section */
		DC93BD541BF7CDC0001AC702 /* Resources */ = {
			isa = PBXResourcesBuildPhase;
			buildActionMask = 2147483647;
			files = (
				DC93BD641BF7CDC0001AC702 /* LaunchScreen.storyboard in Resources */,
				DC93BD611BF7CDC0001AC702 /* Assets.xcassets in Resources */,
				DC93BD5F1BF7CDC0001AC702 /* Main.storyboard in Resources */,
			);
			runOnlyForDeploymentPostprocessing = 0;
		};
		DC93BD681BF7CDC0001AC702 /* Resources */ = {
			isa = PBXResourcesBuildPhase;
			buildActionMask = 2147483647;
			files = (
			);
			runOnlyForDeploymentPostprocessing = 0;
		};
		DC93BD731BF7CDC0001AC702 /* Resources */ = {
			isa = PBXResourcesBuildPhase;
			buildActionMask = 2147483647;
			files = (
			);
			runOnlyForDeploymentPostprocessing = 0;
		};
/* End PBXResourcesBuildPhase section */

/* Begin PBXSourcesBuildPhase section */
		DC93BD521BF7CDC0001AC702 /* Sources */ = {
			isa = PBXSourcesBuildPhase;
			buildActionMask = 2147483647;
			files = (
				DC93BD5C1BF7CDC0001AC702 /* ViewController.swift in Sources */,
				DC93BD5A1BF7CDC0001AC702 /* AppDelegate.swift in Sources */,
				DC5970BB1BF7E79800D04CC4 /* MailboxViewController.swift in Sources */,
			);
			runOnlyForDeploymentPostprocessing = 0;
		};
		DC93BD661BF7CDC0001AC702 /* Sources */ = {
			isa = PBXSourcesBuildPhase;
			buildActionMask = 2147483647;
			files = (
				DC93BD6F1BF7CDC0001AC702 /* cp_3_mailboxTests.swift in Sources */,
			);
			runOnlyForDeploymentPostprocessing = 0;
		};
		DC93BD711BF7CDC0001AC702 /* Sources */ = {
			isa = PBXSourcesBuildPhase;
			buildActionMask = 2147483647;
			files = (
				DC93BD7A1BF7CDC0001AC702 /* cp_3_mailboxUITests.swift in Sources */,
			);
			runOnlyForDeploymentPostprocessing = 0;
		};
/* End PBXSourcesBuildPhase section */

/* Begin PBXTargetDependency section */
		DC93BD6C1BF7CDC0001AC702 /* PBXTargetDependency */ = {
			isa = PBXTargetDependency;
			target = DC93BD551BF7CDC0001AC702 /* cp_3_mailbox */;
			targetProxy = DC93BD6B1BF7CDC0001AC702 /* PBXContainerItemProxy */;
		};
		DC93BD771BF7CDC0001AC702 /* PBXTargetDependency */ = {
			isa = PBXTargetDependency;
			target = DC93BD551BF7CDC0001AC702 /* cp_3_mailbox */;
			targetProxy = DC93BD761BF7CDC0001AC702 /* PBXContainerItemProxy */;
		};
/* End PBXTargetDependency section */

/* Begin PBXVariantGroup section */
		DC93BD5D1BF7CDC0001AC702 /* Main.storyboard */ = {
			isa = PBXVariantGroup;
			children = (
				DC93BD5E1BF7CDC0001AC702 /* Base */,
			);
			name = Main.storyboard;
			sourceTree = "<group>";
		};
		DC93BD621BF7CDC0001AC702 /* LaunchScreen.storyboard */ = {
			isa = PBXVariantGroup;
			children = (
				DC93BD631BF7CDC0001AC702 /* Base */,
			);
			name = LaunchScreen.storyboard;
			sourceTree = "<group>";
		};
/* End PBXVariantGroup section */

/* Begin XCBuildConfiguration section */
		DC93BD7C1BF7CDC0001AC702 /* Debug */ = {
			isa = XCBuildConfiguration;
			buildSettings = {
				ALWAYS_SEARCH_USER_PATHS = NO;
				CLANG_CXX_LANGUAGE_STANDARD = "gnu++0x";
				CLANG_CXX_LIBRARY = "libc++";
				CLANG_ENABLE_MODULES = YES;
				CLANG_ENABLE_OBJC_ARC = YES;
				CLANG_WARN_BOOL_CONVERSION = YES;
				CLANG_WARN_CONSTANT_CONVERSION = YES;
				CLANG_WARN_DIRECT_OBJC_ISA_USAGE = YES_ERROR;
				CLANG_WARN_EMPTY_BODY = YES;
				CLANG_WARN_ENUM_CONVERSION = YES;
				CLANG_WARN_INT_CONVERSION = YES;
				CLANG_WARN_OBJC_ROOT_CLASS = YES_ERROR;
				CLANG_WARN_UNREACHABLE_CODE = YES;
				CLANG_WARN__DUPLICATE_METHOD_MATCH = YES;
				"CODE_SIGN_IDENTITY[sdk=iphoneos*]" = "iPhone Developer";
				COPY_PHASE_STRIP = NO;
				DEBUG_INFORMATION_FORMAT = dwarf;
				ENABLE_STRICT_OBJC_MSGSEND = YES;
				ENABLE_TESTABILITY = YES;
				GCC_C_LANGUAGE_STANDARD = gnu99;
				GCC_DYNAMIC_NO_PIC = NO;
				GCC_NO_COMMON_BLOCKS = YES;
				GCC_OPTIMIZATION_LEVEL = 0;
				GCC_PREPROCESSOR_DEFINITIONS = (
					"DEBUG=1",
					"$(inherited)",
				);
				GCC_WARN_64_TO_32_BIT_CONVERSION = YES;
				GCC_WARN_ABOUT_RETURN_TYPE = YES_ERROR;
				GCC_WARN_UNDECLARED_SELECTOR = YES;
				GCC_WARN_UNINITIALIZED_AUTOS = YES_AGGRESSIVE;
				GCC_WARN_UNUSED_FUNCTION = YES;
				GCC_WARN_UNUSED_VARIABLE = YES;
				IPHONEOS_DEPLOYMENT_TARGET = 9.1;
				MTL_ENABLE_DEBUG_INFO = YES;
				ONLY_ACTIVE_ARCH = YES;
				SDKROOT = iphoneos;
				SWIFT_OPTIMIZATION_LEVEL = "-Onone";
			};
			name = Debug;
		};
		DC93BD7D1BF7CDC0001AC702 /* Release */ = {
			isa = XCBuildConfiguration;
			buildSettings = {
				ALWAYS_SEARCH_USER_PATHS = NO;
				CLANG_CXX_LANGUAGE_STANDARD = "gnu++0x";
				CLANG_CXX_LIBRARY = "libc++";
				CLANG_ENABLE_MODULES = YES;
				CLANG_ENABLE_OBJC_ARC = YES;
				CLANG_WARN_BOOL_CONVERSION = YES;
				CLANG_WARN_CONSTANT_CONVERSION = YES;
				CLANG_WARN_DIRECT_OBJC_ISA_USAGE = YES_ERROR;
				CLANG_WARN_EMPTY_BODY = YES;
				CLANG_WARN_ENUM_CONVERSION = YES;
				CLANG_WARN_INT_CONVERSION = YES;
				CLANG_WARN_OBJC_ROOT_CLASS = YES_ERROR;
				CLANG_WARN_UNREACHABLE_CODE = YES;
				CLANG_WARN__DUPLICATE_METHOD_MATCH = YES;
				"CODE_SIGN_IDENTITY[sdk=iphoneos*]" = "iPhone Developer";
				COPY_PHASE_STRIP = NO;
				DEBUG_INFORMATION_FORMAT = "dwarf-with-dsym";
				ENABLE_NS_ASSERTIONS = NO;
				ENABLE_STRICT_OBJC_MSGSEND = YES;
				GCC_C_LANGUAGE_STANDARD = gnu99;
				GCC_NO_COMMON_BLOCKS = YES;
				GCC_WARN_64_TO_32_BIT_CONVERSION = YES;
				GCC_WARN_ABOUT_RETURN_TYPE = YES_ERROR;
				GCC_WARN_UNDECLARED_SELECTOR = YES;
				GCC_WARN_UNINITIALIZED_AUTOS = YES_AGGRESSIVE;
				GCC_WARN_UNUSED_FUNCTION = YES;
				GCC_WARN_UNUSED_VARIABLE = YES;
				IPHONEOS_DEPLOYMENT_TARGET = 9.1;
				MTL_ENABLE_DEBUG_INFO = NO;
				SDKROOT = iphoneos;
				VALIDATE_PRODUCT = YES;
			};
			name = Release;
		};
		DC93BD7F1BF7CDC0001AC702 /* Debug */ = {
			isa = XCBuildConfiguration;
			buildSettings = {
				ASSETCATALOG_COMPILER_APPICON_NAME = AppIcon;
				INFOPLIST_FILE = cp_3_mailbox/Info.plist;
				LD_RUNPATH_SEARCH_PATHS = "$(inherited) @executable_path/Frameworks";
				PRODUCT_BUNDLE_IDENTIFIER = "sans.serif.cp-3-mailbox";
				PRODUCT_NAME = "$(TARGET_NAME)";
			};
			name = Debug;
		};
		DC93BD801BF7CDC0001AC702 /* Release */ = {
			isa = XCBuildConfiguration;
			buildSettings = {
				ASSETCATALOG_COMPILER_APPICON_NAME = AppIcon;
				INFOPLIST_FILE = cp_3_mailbox/Info.plist;
				LD_RUNPATH_SEARCH_PATHS = "$(inherited) @executable_path/Frameworks";
				PRODUCT_BUNDLE_IDENTIFIER = "sans.serif.cp-3-mailbox";
				PRODUCT_NAME = "$(TARGET_NAME)";
			};
			name = Release;
		};
		DC93BD821BF7CDC0001AC702 /* Debug */ = {
			isa = XCBuildConfiguration;
			buildSettings = {
				BUNDLE_LOADER = "$(TEST_HOST)";
				INFOPLIST_FILE = cp_3_mailboxTests/Info.plist;
				LD_RUNPATH_SEARCH_PATHS = "$(inherited) @executable_path/Frameworks @loader_path/Frameworks";
				PRODUCT_BUNDLE_IDENTIFIER = "sans.serif.cp-3-mailboxTests";
				PRODUCT_NAME = "$(TARGET_NAME)";
				TEST_HOST = "$(BUILT_PRODUCTS_DIR)/cp_3_mailbox.app/cp_3_mailbox";
			};
			name = Debug;
		};
		DC93BD831BF7CDC0001AC702 /* Release */ = {
			isa = XCBuildConfiguration;
			buildSettings = {
				BUNDLE_LOADER = "$(TEST_HOST)";
				INFOPLIST_FILE = cp_3_mailboxTests/Info.plist;
				LD_RUNPATH_SEARCH_PATHS = "$(inherited) @executable_path/Frameworks @loader_path/Frameworks";
				PRODUCT_BUNDLE_IDENTIFIER = "sans.serif.cp-3-mailboxTests";
				PRODUCT_NAME = "$(TARGET_NAME)";
				TEST_HOST = "$(BUILT_PRODUCTS_DIR)/cp_3_mailbox.app/cp_3_mailbox";
			};
			name = Release;
		};
		DC93BD851BF7CDC0001AC702 /* Debug */ = {
			isa = XCBuildConfiguration;
			buildSettings = {
				INFOPLIST_FILE = cp_3_mailboxUITests/Info.plist;
				LD_RUNPATH_SEARCH_PATHS = "$(inherited) @executable_path/Frameworks @loader_path/Frameworks";
				PRODUCT_BUNDLE_IDENTIFIER = "sans.serif.cp-3-mailboxUITests";
				PRODUCT_NAME = "$(TARGET_NAME)";
				TEST_TARGET_NAME = cp_3_mailbox;
				USES_XCTRUNNER = YES;
			};
			name = Debug;
		};
		DC93BD861BF7CDC0001AC702 /* Release */ = {
			isa = XCBuildConfiguration;
			buildSettings = {
				INFOPLIST_FILE = cp_3_mailboxUITests/Info.plist;
				LD_RUNPATH_SEARCH_PATHS = "$(inherited) @executable_path/Frameworks @loader_path/Frameworks";
				PRODUCT_BUNDLE_IDENTIFIER = "sans.serif.cp-3-mailboxUITests";
				PRODUCT_NAME = "$(TARGET_NAME)";
				TEST_TARGET_NAME = cp_3_mailbox;
				USES_XCTRUNNER = YES;
			};
			name = Release;
		};
/* End XCBuildConfiguration section */

/* Begin XCConfigurationList section */
		DC93BD511BF7CDC0001AC702 /* Build configuration list for PBXProject "cp_3_mailbox" */ = {
			isa = XCConfigurationList;
			buildConfigurations = (
				DC93BD7C1BF7CDC0001AC702 /* Debug */,
				DC93BD7D1BF7CDC0001AC702 /* Release */,
			);
			defaultConfigurationIsVisible = 0;
			defaultConfigurationName = Release;
		};
		DC93BD7E1BF7CDC0001AC702 /* Build configuration list for PBXNativeTarget "cp_3_mailbox" */ = {
			isa = XCConfigurationList;
			buildConfigurations = (
				DC93BD7F1BF7CDC0001AC702 /* Debug */,
				DC93BD801BF7CDC0001AC702 /* Release */,
			);
			defaultConfigurationIsVisible = 0;
			defaultConfigurationName = Release;
		};
		DC93BD811BF7CDC0001AC702 /* Build configuration list for PBXNativeTarget "cp_3_mailboxTests" */ = {
			isa = XCConfigurationList;
			buildConfigurations = (
				DC93BD821BF7CDC0001AC702 /* Debug */,
				DC93BD831BF7CDC0001AC702 /* Release */,
			);
			defaultConfigurationIsVisible = 0;
			defaultConfigurationName = Release;
		};
		DC93BD841BF7CDC0001AC702 /* Build configuration list for PBXNativeTarget "cp_3_mailboxUITests" */ = {
			isa = XCConfigurationList;
			buildConfigurations = (
				DC93BD851BF7CDC0001AC702 /* Debug */,
				DC93BD861BF7CDC0001AC702 /* Release */,
			);
			defaultConfigurationIsVisible = 0;
			defaultConfigurationName = Release;
		};
/* End XCConfigurationList section */
	};
	rootObject = DC93BD4E1BF7CDC0001AC702 /* Project object */;
}
